
Microsoft Visual Studio Solution File, Format Version 12.00
# Visual Studio 2013
VisualStudioVersion = 12.0.30723.0
MinimumVisualStudioVersion = 10.0.40219.1
Project("{FAE04EC0-301F-11D3-BF4B-00C04F79EFBC}") = "dotNETv3", "dotNETv3\dotNETv3.csproj", "{4402E31C-DF1B-4D1F-A606-190AE4D1D2C2}"
EndProject
Global
	GlobalSection(SolutionConfigurationPlatforms) = preSolution
		Debug|Any CPU = Debug|Any CPU
		Release|Any CPU = Release|Any CPU
	EndGlobalSection
	GlobalSection(ProjectConfigurationPlatforms) = postSolution
		{4402E31C-DF1B-4D1F-A606-190AE4D1D2C2}.Debug|Any CPU.ActiveCfg = Debug|Any CPU
		{4402E31C-DF1B-4D1F-A606-190AE4D1D2C2}.Debug|Any CPU.Build.0 = Debug|Any CPU
		{4402E31C-DF1B-4D1F-A606-190AE4D1D2C2}.Release|Any CPU.ActiveCfg = Release|Any CPU
		{4402E31C-DF1B-4D1F-A606-190AE4D1D2C2}.Release|Any CPU.Build.0 = Release|Any CPU
	EndGlobalSection
	GlobalSection(SolutionProperties) = preSolution
		HideSolutionNode = FALSE
	EndGlobalSection
EndGlobal
